<?xml version="1.0" encoding="utf-8"?>
<Project ToolsVersion="4.0" xmlns="http://schemas.microsoft.com/developer/msbuild/2003">
  <ItemGroup>
    <Filter Include="Source Files">
      <UniqueIdentifier>{4FC737F1-C7A5-4376-A066-2A32D752A2FF}</UniqueIdentifier>
      <Extensions>cpp;c;cc;cxx;c++;cppm;ixx;def;odl;idl;hpj;bat;asm;asmx</Extensions>
    </Filter>
    <Filter Include="Header Files">
      <UniqueIdentifier>{93995380-89BD-4b04-88EB-625FBE52EBFB}</UniqueIdentifier>
      <Extensions>h;hh;hpp;hxx;h++;hm;inl;inc;ipp;xsd</Extensions>
    </Filter>
    <Filter Include="Resource Files">
      <UniqueIdentifier>{67DA6AB6-F800-4c08-8B7A-83BB121AAD01}</UniqueIdentifier>
      <Extensions>rc;ico;cur;bmp;dlg;rc2;rct;bin;rgs;gif;jpg;jpeg;jpe;resx;tiff;tif;png;wav;mfcribbon-ms</Extensions>
    </Filter>
  </ItemGroup>
  <ItemGroup>
    <ClCompile Include="main.cpp">
      <Filter>Source Files</Filter>
    </ClCompile>
    <ClCompile Include="Include\ImGui\imgui.cpp">
      <Filter>Source Files</Filter>
    </ClCompile>
    <ClCompile Include="Include\ImGui\imgui_demo.cpp">
      <Filter>Source Files</Filter>
    </ClCompile>
    <ClCompile Include="Include\ImGui\imgui_draw.cpp">
      <Filter>Source Files</Filter>
    </ClCompile>
    <ClCompile Include="Include\ImGui\imgui_impl_dx9.cpp">
      <Filter>Source Files</Filter>
    </ClCompile>
    <ClCompile Include="Include\ImGui\imgui_impl_win32.cpp">
      <Filter>Source Files</Filter>
    </ClCompile>
    <ClCompile Include="Include\ImGui\imgui_tables.cpp">
      <Filter>Source Files</Filter>
    </ClCompile>
    <ClCompile Include="Include\ImGui\imgui_widgets.cpp">
      <Filter>Source Files</Filter>
    </ClCompile>
    <ClCompile Include="Include\Cheat Loader\Game\Game.cpp">
      <Filter>Source Files</Filter>
    </ClCompile>
    <ClCompile Include="Include\Cheat Loader\GameManager\GameManager.cpp">
      <Filter>Source Files</Filter>
    </ClCompile>
    <ClCompile Include="Include\Window\Window\Window.cpp">
      <Filter>Source Files</Filter>
    </ClCompile>
    <ClCompile Include="Include\Window\D3d9Window\D3d9Window.cpp">
      <Filter>Source Files</Filter>
    </ClCompile>
    <ClCompile Include="Include\Window\ImGuiD3d9Window\ImGuiD3d9Window.cpp">
      <Filter>Source Files</Filter>
    </ClCompile>
    <ClCompile Include="Include\Cheat Loader\Console\Console.cpp">
      <Filter>Source Files</Filter>
    </ClCompile>
    <ClCompile Include="Include\Cheat Loader\CommandBase\CommandBase.cpp">
      <Filter>Source Files</Filter>
    </ClCompile>
    <ClCompile Include="Include\Cheat Loader\Commands\Clear\Clear.cpp">
      <Filter>Source Files</Filter>
    </ClCompile>
    <ClCompile Include="Include\Cheat Loader\Commands\Exit\Exit.cpp">
      <Filter>Source Files</Filter>
    </ClCompile>
    <ClCompile Include="Include\Cheat Loader\InjectorUtils\InjectorUtils.cpp">
      <Filter>Source Files</Filter>
    </ClCompile>
    <ClCompile Include="Include\Cheat Loader\PatchNotesDate\PatchNotesDate.cpp">
      <Filter>Source Files</Filter>
    </ClCompile>
    <ClCompile Include="Include\Cheat Loader\PatchNotesDateManager\PatchNotesDateManager.cpp">
      <Filter>Source Files</Filter>
    </ClCompile>
    <ClCompile Include="Include\ImGui\imimgui.cpp">
      <Filter>Source Files</Filter>
    </ClCompile>
    <ClCompile Include="Include\Cheat Loader\Commands\AddGame\AddGame.cpp">
      <Filter>Source Files</Filter>
    </ClCompile>
  </ItemGroup>
  <ItemGroup>
    <ClInclude Include="Include\ImGui\imconfig.h">
      <Filter>Header Files</Filter>
    </ClInclude>
    <ClInclude Include="Include\ImGui\imgui.h">
      <Filter>Header Files</Filter>
    </ClInclude>
    <ClInclude Include="Include\ImGui\imgui_impl_dx9.h">
      <Filter>Header Files</Filter>
    </ClInclude>
    <ClInclude Include="Include\ImGui\imgui_impl_win32.h">
      <Filter>Header Files</Filter>
    </ClInclude>
    <ClInclude Include="Include\ImGui\imgui_internal.h">
      <Filter>Header Files</Filter>
    </ClInclude>
    <ClInclude Include="Include\ImGui\imstb_rectpack.h">
      <Filter>Header Files</Filter>
    </ClInclude>
    <ClInclude Include="Include\ImGui\imstb_textedit.h">
      <Filter>Header Files</Filter>
    </ClInclude>
    <ClInclude Include="Include\ImGui\imstb_truetype.h">
      <Filter>Header Files</Filter>
    </ClInclude>
    <ClInclude Include="Include\Cheat Loader\Game\Game.h">
      <Filter>Header Files</Filter>
    </ClInclude>
    <ClInclude Include="Include\Cheat Loader\GameManager\GameManager.h">
      <Filter>Header Files</Filter>
    </ClInclude>
    <ClInclude Include="Include\Window\Window\Window.h">
      <Filter>Header Files</Filter>
    </ClInclude>
    <ClInclude Include="Include\Window\D3d9Window\D3d9Window.h">
      <Filter>Header Files</Filter>
    </ClInclude>
    <ClInclude Include="Include\Window\ImGuiD3d9Window\ImGuiD3d9Window.h">
      <Filter>Header Files</Filter>
    </ClInclude>
    <ClInclude Include="Include\Cheat Loader\Console\Console.h">
      <Filter>Header Files</Filter>
    </ClInclude>
    <ClInclude Include="Include\Cheat Loader\CommandBase\CommandBase.h">
      <Filter>Header Files</Filter>
    </ClInclude>
    <ClInclude Include="Include\Cheat Loader\Commands\Clear\Clear.h">
      <Filter>Header Files</Filter>
    </ClInclude>
    <ClInclude Include="Include\Cheat Loader\Commands\Exit\Exit.h">
      <Filter>Header Files</Filter>
    </ClInclude>
    <ClInclude Include="Include\Cheat Loader\InjectorUtils\InjectorUtils.h">
      <Filter>Header Files</Filter>
    </ClInclude>
    <ClInclude Include="Include\Cheat Loader\PatchNotesDate\PatchNotesDate.h">
      <Filter>Header Files</Filter>
    </ClInclude>
    <ClInclude Include="Include\Cheat Loader\PatchNotesDateManager\PatchNotesDateManager.h">
      <Filter>Header Files</Filter>
    </ClInclude>
    <ClInclude Include="Include\ImGui\imimgui.h">
      <Filter>Header Files</Filter>
    </ClInclude>
    <ClInclude Include="Include\Cheat Loader\Commands\AddGame\AddGame.h">
      <Filter>Header Files</Filter>
    </ClInclude>
    <ClInclude Include="Include\Cheat Loader\UndocumentedFunctions\NtCreateThreadEx.h">
      <Filter>Header Files</Filter>
    </ClInclude>
    <ClInclude Include="Include\Cheat Loader\UndocumentedFunctions\NtQueryInformationProcess.h">
      <Filter>Header Files</Filter>
    </ClInclude>
    <ClInclude Include="Include\Cheat Loader\UndocumentedFunctions\PUSER_THREAD_START_ROUTINE.h">
      <Filter>Header Files</Filter>
    </ClInclude>
    <ClInclude Include="Include\Cheat Loader\UndocumentedStructs\CURDIR.h">
      <Filter>Header Files</Filter>
    </ClInclude>
    <ClInclude Include="Include\Cheat Loader\UndocumentedStructs\GDI_HANDLE_BUFFER.h">
      <Filter>Header Files</Filter>
    </ClInclude>
    <ClInclude Include="Include\Cheat Loader\UndocumentedStructs\KPRIORITY.h">
      <Filter>Header Files</Filter>
    </ClInclude>
    <ClInclude Include="Include\Cheat Loader\UndocumentedStructs\LDR_DATA_TABLE_ENTRY.h">
      <Filter>Header Files</Filter>
    </ClInclude>
    <ClInclude Include="Include\Cheat Loader\UndocumentedStructs\LDR_DDAG_NODE.h">
      <Filter>Header Files</Filter>
    </ClInclude>
    <ClInclude Include="Include\Cheat Loader\UndocumentedStructs\LDR_DDAG_STATE.h">
      <Filter>Header Files</Filter>
    </ClInclude>
    <ClInclude Include="Include\Cheat Loader\UndocumentedStructs\LDR_DLL_LOAD_REASON.h">
      <Filter>Header Files</Filter>
    </ClInclude>
    <ClInclude Include="Include\Cheat Loader\UndocumentedStructs\LDR_SERVICE_TAG_RECORD.h">
      <Filter>Header Files</Filter>
    </ClInclude>
    <ClInclude Include="Include\Cheat Loader\UndocumentedStructs\LDRP_CSLIST.h">
      <Filter>Header Files</Filter>
    </ClInclude>
    <ClInclude Include="Include\Cheat Loader\UndocumentedStructs\OBJECT_ATTRIBUTES.h">
      <Filter>Header Files</Filter>
    </ClInclude>
    <ClInclude Include="Include\Cheat Loader\UndocumentedStructs\PEB.h">
      <Filter>Header Files</Filter>
    </ClInclude>
    <ClInclude Include="Include\Cheat Loader\UndocumentedStructs\PEB_LDR_DATA.h">
      <Filter>Header Files</Filter>
    </ClInclude>
    <ClInclude Include="Include\Cheat Loader\UndocumentedStructs\PROCESS_BASIC_INFORMATION.h">
      <Filter>Header Files</Filter>
    </ClInclude>
    <ClInclude Include="Include\Cheat Loader\UndocumentedStructs\PROCESSINFOCLASS.h">
      <Filter>Header Files</Filter>
    </ClInclude>
    <ClInclude Include="Include\Cheat Loader\UndocumentedStructs\PS_ATTRIBUTE.h">
      <Filter>Header Files</Filter>
    </ClInclude>
    <ClInclude Include="Include\Cheat Loader\UndocumentedStructs\PS_ATTRIBUTE_LIST.h">
      <Filter>Header Files</Filter>
    </ClInclude>
    <ClInclude Include="Include\Cheat Loader\UndocumentedStructs\RTL_BALANCED_NODE.h">
      <Filter>Header Files</Filter>
    </ClInclude>
    <ClInclude Include="Include\Cheat Loader\UndocumentedStructs\RTL_DRIVE_LETTER_CURDIR.h">
      <Filter>Header Files</Filter>
    </ClInclude>
    <ClInclude Include="Include\Cheat Loader\UndocumentedStructs\RTL_USER_PROCESS_PARAMETERS.h">
      <Filter>Header Files</Filter>
    </ClInclude>
    <ClInclude Include="Include\Cheat Loader\UndocumentedStructs\UNICODE_STRING.h">
      <Filter>Header Files</Filter>
    </ClInclude>
  </ItemGroup>
  <ItemGroup>
    <Text Include="TODO.txt" />
  </ItemGroup>
</Project>